{
  "name": "GradedProject",
  "lockfileVersion": 2,
  "requires": true,
  "packages": {
    "": {
      "dependencies": {
        "node-json2html": "^2.2.3"
      }
    },
    "node_modules/node-json2html": {
      "version": "2.2.3",
      "resolved": "https://registry.npmjs.org/node-json2html/-/node-json2html-2.2.3.tgz",
      "integrity": "sha512-W8EmHuTRlZdmQFM4jHfXodwylxGFy64wPPysqZoiSKzV7KRg38RQmEAJQOKqCbR112vSV7mzvGsXL2F8zkcYMA==",
      "engines": {
        "node": "*"
      }
    }
  },
  "dependencies": {
    "node-json2html": {
      "version": "2.2.3",
      "resolved": "https://registry.npmjs.org/node-json2html/-/node-json2html-2.2.3.tgz",
      "integrity": "sha512-W8EmHuTRlZdmQFM4jHfXodwylxGFy64wPPysqZoiSKzV7KRg38RQmEAJQOKqCbR112vSV7mzvGsXL2F8zkcYMA=="
    }
  }
}
